
Microsoft Visual Studio Solution File, Format Version 12.00
# Visual Studio Version 17
VisualStudioVersion = 17.4.33213.308
MinimumVisualStudioVersion = 10.0.40219.1
Project("{FAE04EC0-301F-11D3-BF4B-00C04F79EFBC}") = "Balta", "Balta.csproj", "{ECDBD0F4-D543-49BD-94CF-D90298315C42}"
EndProject
Global
	GlobalSection(SolutionConfigurationPlatforms) = preSolution
		Debug|Any CPU = Debug|Any CPU
		Release|Any CPU = Release|Any CPU
	EndGlobalSection
	GlobalSection(ProjectConfigurationPlatforms) = postSolution
		{ECDBD0F4-D543-49BD-94CF-D90298315C42}.Debug|Any CPU.ActiveCfg = Debug|Any CPU
		{ECDBD0F4-D543-49BD-94CF-D90298315C42}.Debug|Any CPU.Build.0 = Debug|Any CPU
		{ECDBD0F4-D543-49BD-94CF-D90298315C42}.Release|Any CPU.ActiveCfg = Release|Any CPU
		{ECDBD0F4-D543-49BD-94CF-D90298315C42}.Release|Any CPU.Build.0 = Release|Any CPU
	EndGlobalSection
	GlobalSection(SolutionProperties) = preSolution
		HideSolutionNode = FALSE
	EndGlobalSection
	GlobalSection(ExtensibilityGlobals) = postSolution
		SolutionGuid = {4AF749BD-5C09-43C3-905B-85EC370BCC07}
	EndGlobalSection
EndGlobal
